Microsoft Visual Studio Solution File, Format Version 12.00
# Visual Studio Version 17
VisualStudioVersion = 17.14.36705.20 d17.14
MinimumVisualStudioVersion = 10.0.40219.1
Project("{FAE04EC0-301F-11D3-BF4B-00C04F79EFBC}") = "inventory-management.AppHost", "inventory-management.AppHost\inventory-management.AppHost.csproj", "{B7271959-E78C-4E03-A8FA-0F6392D8AFB3}"
EndProject
Project("{FAE04EC0-301F-11D3-BF4B-00C04F79EFBC}") = "inventory-management.ServiceDefaults", "inventory-management.ServiceDefaults\inventory-management.ServiceDefaults.csproj", "{DA08F0A0-A66D-D2F5-121D-5A1064055594}"
EndProject
Global
	GlobalSection(SolutionConfigurationPlatforms) = preSolution
		Debug|Any CPU = Debug|Any CPU
		Release|Any CPU = Release|Any CPU
	EndGlobalSection
	GlobalSection(ProjectConfigurationPlatforms) = postSolution
		{B7271959-E78C-4E03-A8FA-0F6392D8AFB3}.Debug|Any CPU.ActiveCfg = Debug|Any CPU
		{B7271959-E78C-4E03-A8FA-0F6392D8AFB3}.Debug|Any CPU.Build.0 = Debug|Any CPU
		{B7271959-E78C-4E03-A8FA-0F6392D8AFB3}.Release|Any CPU.ActiveCfg = Release|Any CPU
		{B7271959-E78C-4E03-A8FA-0F6392D8AFB3}.Release|Any CPU.Build.0 = Release|Any CPU
		{DA08F0A0-A66D-D2F5-121D-5A1064055594}.Debug|Any CPU.ActiveCfg = Debug|Any CPU
		{DA08F0A0-A66D-D2F5-121D-5A1064055594}.Debug|Any CPU.Build.0 = Debug|Any CPU
		{DA08F0A0-A66D-D2F5-121D-5A1064055594}.Release|Any CPU.ActiveCfg = Release|Any CPU
		{DA08F0A0-A66D-D2F5-121D-5A1064055594}.Release|Any CPU.Build.0 = Release|Any CPU
	EndGlobalSection
	GlobalSection(SolutionProperties) = preSolution
		HideSolutionNode = FALSE
	EndGlobalSection
	GlobalSection(ExtensibilityGlobals) = postSolution
		SolutionGuid = {18CEF84D-8560-4AEF-92C2-CA36DBDB03A0}
	EndGlobalSection
EndGlobal
